{
  "name": "alipayjsbridge-mock",
  "version": "1.0.1",
  "lockfileVersion": 1,
  "requires": true,
  "dependencies": {
    "typings-alipayjsbridge": {
      "version": "8.2.1",
      "resolved": "https://registry.npmjs.org/typings-alipayjsbridge/-/typings-alipayjsbridge-8.2.1.tgz",
      "integrity": "sha1-YP3uP8RfS7GUGVNByDDnXCk5p+c=",
      "dev": true
    }
  }
}
